{
  "version": 4,
  "terraform_version": "1.12.2",
  "serial": 18,
  "lineage": "ba978ec3-b11f-3542-edaf-706243f353e7",
  "outputs": {
    "elk_instance_ip": {
      "value": "107.20.97.226",
      "type": "string"
    }
  },
  "resources": [
    {
      "mode": "managed",
      "type": "aws_instance",
      "name": "elk",
      "provider": "provider[\"registry.terraform.io/hashicorp/aws\"]",
      "instances": [
        {
          "schema_version": 2,
          "attributes": {
            "ami": "ami-020cba7c55df1f615",
            "arn": "arn:aws:ec2:us-east-1:748810634002:instance/i-0209be56522d02b8c",
            "associate_public_ip_address": true,
            "availability_zone": "us-east-1b",
            "capacity_reservation_specification": [
              {
                "capacity_reservation_preference": "open",
                "capacity_reservation_target": []
              }
            ],
            "cpu_options": [
              {
                "amd_sev_snp": "",
                "core_count": 2,
                "threads_per_core": 1
              }
            ],
            "credit_specification": [
              {
                "cpu_credits": "standard"
              }
            ],
            "disable_api_stop": false,
            "disable_api_termination": false,
            "ebs_block_device": [],
            "ebs_optimized": false,
            "enable_primary_ipv6": null,
            "enclave_options": [
              {
                "enabled": false
              }
            ],
            "ephemeral_block_device": [],
            "get_password_data": false,
            "hibernation": false,
            "host_id": "",
            "host_resource_group_arn": null,
            "iam_instance_profile": "",
            "id": "i-0209be56522d02b8c",
            "instance_initiated_shutdown_behavior": "stop",
            "instance_lifecycle": "",
            "instance_market_options": [],
            "instance_state": "running",
            "instance_type": "t2.medium",
            "ipv6_address_count": 0,
            "ipv6_addresses": [],
            "key_name": "elk-key",
            "launch_template": [],
            "maintenance_options": [
              {
                "auto_recovery": "default"
              }
            ],
            "metadata_options": [
              {
                "http_endpoint": "enabled",
                "http_protocol_ipv6": "disabled",
                "http_put_response_hop_limit": 2,
                "http_tokens": "required",
                "instance_metadata_tags": "disabled"
              }
            ],
            "monitoring": false,
            "network_interface": [],
            "outpost_arn": "",
            "password_data": "",
            "placement_group": "",
            "placement_partition_number": 0,
            "primary_network_interface_id": "eni-04b45c6ceca653574",
            "private_dns": "ip-172-31-88-130.ec2.internal",
            "private_dns_name_options": [
              {
                "enable_resource_name_dns_a_record": false,
                "enable_resource_name_dns_aaaa_record": false,
                "hostname_type": "ip-name"
              }
            ],
            "private_ip": "172.31.88.130",
            "public_dns": "ec2-107-20-97-226.compute-1.amazonaws.com",
            "public_ip": "107.20.97.226",
            "region": "us-east-1",
            "root_block_device": [
              {
                "delete_on_termination": true,
                "device_name": "/dev/sda1",
                "encrypted": false,
                "iops": 100,
                "kms_key_id": "",
                "tags": null,
                "tags_all": {},
                "throughput": 0,
                "volume_id": "vol-010a6d6fc2e0b4ee8",
                "volume_size": 30,
                "volume_type": "gp2"
              }
            ],
            "secondary_private_ips": [],
            "security_groups": [
              "elk-sg20250713114850953100000001"
            ],
            "source_dest_check": true,
            "spot_instance_request_id": "",
            "subnet_id": "subnet-0d882924eb42dd1e0",
            "tags": {
              "Name": "ELK-Instance"
            },
            "tags_all": {
              "Name": "ELK-Instance"
            },
            "tenancy": "default",
            "timeouts": null,
            "user_data": "#!/bin/bash\n\n# Update \u0026 install packages\napt-get update -y\napt-get install -y docker.io docker-compose\n\n# Enable Docker service\nsystemctl enable docker\nsystemctl start docker\n\n# Create working directory\nmkdir -p /opt/elk\ncd /opt/elk\n\n# Create docker-compose.yml\ncat \u003c\u003cEOF \u003e docker-compose.yml\nversion: '3'\nservices:\n  elasticsearch:\n    image: docker.elastic.co/elasticsearch/elasticsearch:7.17.10\n    environment:\n      - discovery.type=single-node\n      - xpack.security.enabled=false\n    ports:\n      - \"9200:9200\"\n\n  logstash:\n    image: docker.elastic.co/logstash/logstash:7.17.10\n    ports:\n      - \"5044:5044\"\n\n  kibana:\n    image: docker.elastic.co/kibana/kibana:7.17.10\n    environment:\n      - ELASTICSEARCH_HOSTS=http://elasticsearch:9200\n    ports:\n      - \"5601:5601\"\nEOF\n\n# Start ELK stack\ndocker-compose up -d\n",
            "user_data_base64": null,
            "user_data_replace_on_change": false,
            "volume_tags": null,
            "vpc_security_group_ids": [
              "sg-00ca4540d874f41b1"
            ]
          },
          "sensitive_attributes": [],
          "identity_schema_version": 0,
          "private": "eyJlMmJmYjczMC1lY2FhLTExZTYtOGY4OC0zNDM2M2JjN2M0YzAiOnsiY3JlYXRlIjo2MDAwMDAwMDAwMDAsImRlbGV0ZSI6MTIwMDAwMDAwMDAwMCwicmVhZCI6OTAwMDAwMDAwMDAwLCJ1cGRhdGUiOjYwMDAwMDAwMDAwMH0sInNjaGVtYV92ZXJzaW9uIjoiMiJ9",
          "dependencies": [
            "aws_key_pair.deployer",
            "aws_security_group.elk_sg"
          ]
        }
      ]
    },
    {
      "mode": "managed",
      "type": "aws_key_pair",
      "name": "deployer",
      "provider": "provider[\"registry.terraform.io/hashicorp/aws\"]",
      "instances": [
        {
          "schema_version": 1,
          "attributes": {
            "arn": "arn:aws:ec2:us-east-1:748810634002:key-pair/elk-key",
            "fingerprint": "d9:d5:32:e3:4d:7a:8c:e6:f8:fb:8f:27:f6:92:a7:18",
            "id": "elk-key",
            "key_name": "elk-key",
            "key_name_prefix": "",
            "key_pair_id": "key-08794a4369c05cdf4",
            "key_type": "rsa",
            "public_key": "ssh-rsa AAAAB3NzaC1yc2EAAAADAQABAAACAQC2n54SKGEzNu7TB+Aj4CmLA1VUBverqyzSbjWhQDl1r0xSD8jq+mteqqDLAzjMa4N2PxwnWoWFH2DYNd3OHstz/W9X+xVzyFkvD3/14T3akL6P0sT7ud5LvjqrkY+AH5e/PPvu+TrCT42GYtCs8odbiA3lRP8Zt+jy2SGa1lBkTX4nRl70ISv2IUvJO+ubEILtRy+A/RCntW+5rYVBvbYkGVsU8ez1uofyEiNN8CWPgPSXW8jtBeuj+zHlnr950aKwhP0btnCCdD+bi8Q4FqQR8u4o5WxxxlvNR9zOQbCRlbW/zKfe3M6UsQyCQuLXaNE5LOQ7aPaCUwgNgfUAd7dKhbBBk6cBN/qvPk5nZImPs1+4GPI3C3mDEvR6xvULELL2QdQ6i9ZalJvdd/LprM+rnG89CgVrBMNSQ6+5IfNHftCCnWki4/lRyo4dqv2dG2gbBL26hiBdK6/7RLAjAyBwB+hPRBSA75dTnbk5L98wWass9/1U66KlgzcMRrmeJ4qhu/2+/Wa9+yjKOxPHmRCIHO1WxW53uREJIlh7xjogvpVKqkH3777KChQWIPFrOEZn0WeuElL4BIw4xalp7osHdadKI+PPImJIRbcBw9Qt4yS1qsQcPvQ9WYoLa38rTP6SkaOyGUkcNaB6o7/QCdr82dGd8uHxVtcr6U8WCvAKBQ== nikunj_soni_consultant@pw.live",
            "region": "us-east-1",
            "tags": null,
            "tags_all": {}
          },
          "sensitive_attributes": [],
          "identity_schema_version": 0,
          "private": "eyJzY2hlbWFfdmVyc2lvbiI6IjEifQ=="
        }
      ]
    },
    {
      "mode": "managed",
      "type": "aws_security_group",
      "name": "elk_sg",
      "provider": "provider[\"registry.terraform.io/hashicorp/aws\"]",
      "instances": [
        {
          "schema_version": 1,
          "attributes": {
            "arn": "arn:aws:ec2:us-east-1:748810634002:security-group/sg-00ca4540d874f41b1",
            "description": "Managed by Terraform",
            "egress": [
              {
                "cidr_blocks": [
                  "0.0.0.0/0"
                ],
                "description": "",
                "from_port": 0,
                "ipv6_cidr_blocks": [],
                "prefix_list_ids": [],
                "protocol": "-1",
                "security_groups": [],
                "self": false,
                "to_port": 0
              }
            ],
            "id": "sg-00ca4540d874f41b1",
            "ingress": [
              {
                "cidr_blocks": [
                  "0.0.0.0/0"
                ],
                "description": "",
                "from_port": 22,
                "ipv6_cidr_blocks": [],
                "prefix_list_ids": [],
                "protocol": "tcp",
                "security_groups": [],
                "self": false,
                "to_port": 22
              },
              {
                "cidr_blocks": [
                  "0.0.0.0/0"
                ],
                "description": "",
                "from_port": 5601,
                "ipv6_cidr_blocks": [],
                "prefix_list_ids": [],
                "protocol": "tcp",
                "security_groups": [],
                "self": false,
                "to_port": 5601
              },
              {
                "cidr_blocks": [
                  "0.0.0.0/0"
                ],
                "description": "",
                "from_port": 9200,
                "ipv6_cidr_blocks": [],
                "prefix_list_ids": [],
                "protocol": "tcp",
                "security_groups": [],
                "self": false,
                "to_port": 9200
              }
            ],
            "name": "elk-sg20250713114850953100000001",
            "name_prefix": "elk-sg",
            "owner_id": "748810634002",
            "region": "us-east-1",
            "revoke_rules_on_delete": false,
            "tags": null,
            "tags_all": {},
            "timeouts": null,
            "vpc_id": "vpc-06f9bf10a38e2540c"
          },
          "sensitive_attributes": [],
          "identity_schema_version": 0,
          "private": "eyJlMmJmYjczMC1lY2FhLTExZTYtOGY4OC0zNDM2M2JjN2M0YzAiOnsiY3JlYXRlIjo2MDAwMDAwMDAwMDAsImRlbGV0ZSI6OTAwMDAwMDAwMDAwfSwic2NoZW1hX3ZlcnNpb24iOiIxIn0="
        }
      ]
    }
  ],
  "check_results": null
}
